// !$*UTF8*$!
{
	archiveVersion = 1;
	classes = {
	};
	objectVersion = 56;
	objects = {

/* Begin PBXBuildFile section */
		8C1460412A0E9B0F005FAED3 /* AppDelegate.swift in Sources */ = {isa = PBXBuildFile; fileRef = 8C1460402A0E9B0F005FAED3 /* AppDelegate.swift */; };
		8C1460432A0E9B0F005FAED3 /* SceneDelegate.swift in Sources */ = {isa = PBXBuildFile; fileRef = 8C1460422A0E9B0F005FAED3 /* SceneDelegate.swift */; };
		8C1460452A0E9B0F005FAED3 /* MovieReviewListViewController.swift in Sources */ = {isa = PBXBuildFile; fileRef = 8C1460442A0E9B0F005FAED3 /* MovieReviewListViewController.swift */; };
		8C14604A2A0E9B11005FAED3 /* Assets.xcassets in Resources */ = {isa = PBXBuildFile; fileRef = 8C1460492A0E9B11005FAED3 /* Assets.xcassets */; };
		8C1460572A0E9C87005FAED3 /* MovieReviewCollectionViewCell.swift in Sources */ = {isa = PBXBuildFile; fileRef = 8C1460562A0E9C86005FAED3 /* MovieReviewCollectionViewCell.swift */; };
		8C14605B2A19EF27005FAED3 /* MovieReviewDetailViewController.swift in Sources */ = {isa = PBXBuildFile; fileRef = 8C14605A2A19EF27005FAED3 /* MovieReviewDetailViewController.swift */; };
		8C14605E2A1A13C1005FAED3 /* MovieSearchViewController.swift in Sources */ = {isa = PBXBuildFile; fileRef = 8C14605D2A1A13C1005FAED3 /* MovieSearchViewController.swift */; };
		8C1460602A1A4516005FAED3 /* MovieSearchTableViewCell.swift in Sources */ = {isa = PBXBuildFile; fileRef = 8C14605F2A1A4516005FAED3 /* MovieSearchTableViewCell.swift */; };
		8C1460632A1B469F005FAED3 /* ReviewWriteViewController.swift in Sources */ = {isa = PBXBuildFile; fileRef = 8C1460622A1B469F005FAED3 /* ReviewWriteViewController.swift */; };
		8C14606A2A1B8FF1005FAED3 /* GoodPointSelectView.swift in Sources */ = {isa = PBXBuildFile; fileRef = 8C1460692A1B8FF1005FAED3 /* GoodPointSelectView.swift */; };
		8C14606F2A1B9311005FAED3 /* UIImage+Extension.swift in Sources */ = {isa = PBXBuildFile; fileRef = 8C14606E2A1B9311005FAED3 /* UIImage+Extension.swift */; };
		8C14607A2A1BAEC1005FAED3 /* LikeHateSelectView.swift in Sources */ = {isa = PBXBuildFile; fileRef = 8C1460792A1BAEC1005FAED3 /* LikeHateSelectView.swift */; };
		8C14607E2A1CA7D8005FAED3 /* ReviewWritingView.swift in Sources */ = {isa = PBXBuildFile; fileRef = 8C14607D2A1CA7D8005FAED3 /* ReviewWritingView.swift */; };
		8C1460872A1DDC5F005FAED3 /* Review.swift in Sources */ = {isa = PBXBuildFile; fileRef = 8C1460862A1DDC5F005FAED3 /* Review.swift */; };
		8C1460892A1E2D61005FAED3 /* SearchData.swift in Sources */ = {isa = PBXBuildFile; fileRef = 8C1460882A1E2D61005FAED3 /* SearchData.swift */; };
		8C14608C2A1E4591005FAED3 /* URLSessionProtocol.swift in Sources */ = {isa = PBXBuildFile; fileRef = 8C14608B2A1E4591005FAED3 /* URLSessionProtocol.swift */; };
		8C1460902A1E47B3005FAED3 /* NetworkManager.swift in Sources */ = {isa = PBXBuildFile; fileRef = 8C14608F2A1E47B3005FAED3 /* NetworkManager.swift */; };
		8C1460922A1F45F3005FAED3 /* MovieSearchViewModel.swift in Sources */ = {isa = PBXBuildFile; fileRef = 8C1460912A1F45F3005FAED3 /* MovieSearchViewModel.swift */; };
		8C1460AE2A1F7B99005FAED3 /* NetworkMockTests.swift in Sources */ = {isa = PBXBuildFile; fileRef = 8C1460AD2A1F7B99005FAED3 /* NetworkMockTests.swift */; };
		8C1460B42A1F7BC0005FAED3 /* MockURLSession.swift in Sources */ = {isa = PBXBuildFile; fileRef = 8C1460A32A1F77A8005FAED3 /* MockURLSession.swift */; };
		8C1460B52A1F7BC0005FAED3 /* JsonLoader.swift in Sources */ = {isa = PBXBuildFile; fileRef = 8C1460A12A1F7773005FAED3 /* JsonLoader.swift */; };
		8C1460B62A1F7BC0005FAED3 /* MockURLSessionDataTask.swift in Sources */ = {isa = PBXBuildFile; fileRef = 8C1460A52A1F789A005FAED3 /* MockURLSessionDataTask.swift */; };
		8C1460BA2A2245E0005FAED3 /* SearchViewModelTests.swift in Sources */ = {isa = PBXBuildFile; fileRef = 8C1460B92A2245E0005FAED3 /* SearchViewModelTests.swift */; };
		8C1460BF2A246414005FAED3 /* URLSessionDataTaskProtocol.swift in Sources */ = {isa = PBXBuildFile; fileRef = 8C1460BE2A246414005FAED3 /* URLSessionDataTaskProtocol.swift */; };
		8C313CB82A24BC2100A2DAE6 /* SearchDatas.json in Resources */ = {isa = PBXBuildFile; fileRef = 8C313CB72A24BC2100A2DAE6 /* SearchDatas.json */; };
		8C313CBC2A260C1900A2DAE6 /* Observable.swift in Sources */ = {isa = PBXBuildFile; fileRef = 8C313CBB2A260C1900A2DAE6 /* Observable.swift */; };
		8C313CBF2A261D0000A2DAE6 /* Realm in Frameworks */ = {isa = PBXBuildFile; productRef = 8C313CBE2A261D0000A2DAE6 /* Realm */; };
		8C313CC12A261D0000A2DAE6 /* RealmSwift in Frameworks */ = {isa = PBXBuildFile; productRef = 8C313CC02A261D0000A2DAE6 /* RealmSwift */; };
		8C313CC32A2624A800A2DAE6 /* ReviewWriteViewModel.swift in Sources */ = {isa = PBXBuildFile; fileRef = 8C313CC22A2624A800A2DAE6 /* ReviewWriteViewModel.swift */; };
		8C313CC52A29D48000A2DAE6 /* MovieReviewListViewModel.swift in Sources */ = {isa = PBXBuildFile; fileRef = 8C313CC42A29D48000A2DAE6 /* MovieReviewListViewModel.swift */; };
		8C313CC72A2A14F400A2DAE6 /* MovieReviewDetailViewModel.swift in Sources */ = {isa = PBXBuildFile; fileRef = 8C313CC62A2A14F400A2DAE6 /* MovieReviewDetailViewModel.swift */; };
		8C313CC92A2B056200A2DAE6 /* SearchPoster.swift in Sources */ = {isa = PBXBuildFile; fileRef = 8C313CC82A2B056200A2DAE6 /* SearchPoster.swift */; };
		8C313CCC2A2B643100A2DAE6 /* ImageCacheManager.swift in Sources */ = {isa = PBXBuildFile; fileRef = 8C313CCB2A2B643100A2DAE6 /* ImageCacheManager.swift */; };
		8C313CCE2A2B67E500A2DAE6 /* UIImageView+Extension.swift in Sources */ = {isa = PBXBuildFile; fileRef = 8C313CCD2A2B67E500A2DAE6 /* UIImageView+Extension.swift */; };
		8C313CD12A2C883300A2DAE6 /* Lottie in Frameworks */ = {isa = PBXBuildFile; productRef = 8C313CD02A2C883300A2DAE6 /* Lottie */; };
		8C313CD32A2C991400A2DAE6 /* movie.json in Resources */ = {isa = PBXBuildFile; fileRef = 8C313CD22A2C991400A2DAE6 /* movie.json */; };
		8C71A3EC2A2CB4D70094A74D /* LoadingView.swift in Sources */ = {isa = PBXBuildFile; fileRef = 8C71A3EB2A2CB4D70094A74D /* LoadingView.swift */; };
		8C71A3EF2A2DBCC00094A74D /* BoxOfficeViewController.swift in Sources */ = {isa = PBXBuildFile; fileRef = 8C71A3EE2A2DBCC00094A74D /* BoxOfficeViewController.swift */; };
		8C71A3F12A2DBD000094A74D /* BoxOfficeCollectionViewCell.swift in Sources */ = {isa = PBXBuildFile; fileRef = 8C71A3F02A2DBD000094A74D /* BoxOfficeCollectionViewCell.swift */; };
		8C71A3F32A2E06EA0094A74D /* BoxOfficeViewModel.swift in Sources */ = {isa = PBXBuildFile; fileRef = 8C71A3F22A2E06EA0094A74D /* BoxOfficeViewModel.swift */; };
		8C71A3F52A2E077D0094A74D /* BoxOffice.swift in Sources */ = {isa = PBXBuildFile; fileRef = 8C71A3F42A2E077D0094A74D /* BoxOffice.swift */; };
		8C71A3F72A30585C0094A74D /* APIConfiguration.swift in Sources */ = {isa = PBXBuildFile; fileRef = 8C71A3F62A30585C0094A74D /* APIConfiguration.swift */; };
		8C71A4002A32F4040094A74D /* RealmSwift in Frameworks */ = {isa = PBXBuildFile; productRef = 8C71A3FF2A32F4040094A74D /* RealmSwift */; };
		8C71A4072A333AFD0094A74D /* Date+Extenstion.swift in Sources */ = {isa = PBXBuildFile; fileRef = 8C71A4062A333AFD0094A74D /* Date+Extenstion.swift */; };
/* End PBXBuildFile section */

/* Begin PBXContainerItemProxy section */
		8C1460AF2A1F7B9A005FAED3 /* PBXContainerItemProxy */ = {
			isa = PBXContainerItemProxy;
			containerPortal = 8C1460352A0E9B0E005FAED3 /* Project object */;
			proxyType = 1;
			remoteGlobalIDString = 8C14603C2A0E9B0F005FAED3;
			remoteInfo = MovieReview;
		};
/* End PBXContainerItemProxy section */

/* Begin PBXFileReference section */
		8C14603D2A0E9B0F005FAED3 /* MovieReview.app */ = {isa = PBXFileReference; explicitFileType = wrapper.application; includeInIndex = 0; path = MovieReview.app; sourceTree = BUILT_PRODUCTS_DIR; };
		8C1460402A0E9B0F005FAED3 /* AppDelegate.swift */ = {isa = PBXFileReference; lastKnownFileType = sourcecode.swift; path = AppDelegate.swift; sourceTree = "<group>"; };
		8C1460422A0E9B0F005FAED3 /* SceneDelegate.swift */ = {isa = PBXFileReference; lastKnownFileType = sourcecode.swift; path = SceneDelegate.swift; sourceTree = "<group>"; };
		8C1460442A0E9B0F005FAED3 /* MovieReviewListViewController.swift */ = {isa = PBXFileReference; lastKnownFileType = sourcecode.swift; path = MovieReviewListViewController.swift; sourceTree = "<group>"; };
		8C1460492A0E9B11005FAED3 /* Assets.xcassets */ = {isa = PBXFileReference; lastKnownFileType = folder.assetcatalog; path = Assets.xcassets; sourceTree = "<group>"; };
		8C14604E2A0E9B11005FAED3 /* Info.plist */ = {isa = PBXFileReference; lastKnownFileType = text.plist.xml; path = Info.plist; sourceTree = "<group>"; };
		8C1460562A0E9C86005FAED3 /* MovieReviewCollectionViewCell.swift */ = {isa = PBXFileReference; lastKnownFileType = sourcecode.swift; path = MovieReviewCollectionViewCell.swift; sourceTree = "<group>"; };
		8C14605A2A19EF27005FAED3 /* MovieReviewDetailViewController.swift */ = {isa = PBXFileReference; lastKnownFileType = sourcecode.swift; path = MovieReviewDetailViewController.swift; sourceTree = "<group>"; };
		8C14605D2A1A13C1005FAED3 /* MovieSearchViewController.swift */ = {isa = PBXFileReference; lastKnownFileType = sourcecode.swift; path = MovieSearchViewController.swift; sourceTree = "<group>"; };
		8C14605F2A1A4516005FAED3 /* MovieSearchTableViewCell.swift */ = {isa = PBXFileReference; lastKnownFileType = sourcecode.swift; path = MovieSearchTableViewCell.swift; sourceTree = "<group>"; };
		8C1460622A1B469F005FAED3 /* ReviewWriteViewController.swift */ = {isa = PBXFileReference; lastKnownFileType = sourcecode.swift; path = ReviewWriteViewController.swift; sourceTree = "<group>"; };
		8C1460692A1B8FF1005FAED3 /* GoodPointSelectView.swift */ = {isa = PBXFileReference; lastKnownFileType = sourcecode.swift; path = GoodPointSelectView.swift; sourceTree = "<group>"; };
		8C14606E2A1B9311005FAED3 /* UIImage+Extension.swift */ = {isa = PBXFileReference; lastKnownFileType = sourcecode.swift; path = "UIImage+Extension.swift"; sourceTree = "<group>"; };
		8C1460792A1BAEC1005FAED3 /* LikeHateSelectView.swift */ = {isa = PBXFileReference; lastKnownFileType = sourcecode.swift; path = LikeHateSelectView.swift; sourceTree = "<group>"; };
		8C14607D2A1CA7D8005FAED3 /* ReviewWritingView.swift */ = {isa = PBXFileReference; lastKnownFileType = sourcecode.swift; path = ReviewWritingView.swift; sourceTree = "<group>"; };
		8C1460862A1DDC5F005FAED3 /* Review.swift */ = {isa = PBXFileReference; lastKnownFileType = sourcecode.swift; path = Review.swift; sourceTree = "<group>"; };
		8C1460882A1E2D61005FAED3 /* SearchData.swift */ = {isa = PBXFileReference; lastKnownFileType = sourcecode.swift; path = SearchData.swift; sourceTree = "<group>"; };
		8C14608B2A1E4591005FAED3 /* URLSessionProtocol.swift */ = {isa = PBXFileReference; lastKnownFileType = sourcecode.swift; path = URLSessionProtocol.swift; sourceTree = "<group>"; };
		8C14608F2A1E47B3005FAED3 /* NetworkManager.swift */ = {isa = PBXFileReference; lastKnownFileType = sourcecode.swift; path = NetworkManager.swift; sourceTree = "<group>"; };
		8C1460912A1F45F3005FAED3 /* MovieSearchViewModel.swift */ = {isa = PBXFileReference; lastKnownFileType = sourcecode.swift; path = MovieSearchViewModel.swift; sourceTree = "<group>"; };
		8C1460A12A1F7773005FAED3 /* JsonLoader.swift */ = {isa = PBXFileReference; lastKnownFileType = sourcecode.swift; path = JsonLoader.swift; sourceTree = "<group>"; };
		8C1460A32A1F77A8005FAED3 /* MockURLSession.swift */ = {isa = PBXFileReference; lastKnownFileType = sourcecode.swift; path = MockURLSession.swift; sourceTree = "<group>"; };
		8C1460A52A1F789A005FAED3 /* MockURLSessionDataTask.swift */ = {isa = PBXFileReference; lastKnownFileType = sourcecode.swift; path = MockURLSessionDataTask.swift; sourceTree = "<group>"; };
		8C1460AB2A1F7B99005FAED3 /* NetworkMockTests.xctest */ = {isa = PBXFileReference; explicitFileType = wrapper.cfbundle; includeInIndex = 0; path = NetworkMockTests.xctest; sourceTree = BUILT_PRODUCTS_DIR; };
		8C1460AD2A1F7B99005FAED3 /* NetworkMockTests.swift */ = {isa = PBXFileReference; lastKnownFileType = sourcecode.swift; path = NetworkMockTests.swift; sourceTree = "<group>"; };
		8C1460B92A2245E0005FAED3 /* SearchViewModelTests.swift */ = {isa = PBXFileReference; lastKnownFileType = sourcecode.swift; path = SearchViewModelTests.swift; sourceTree = "<group>"; };
		8C1460BE2A246414005FAED3 /* URLSessionDataTaskProtocol.swift */ = {isa = PBXFileReference; lastKnownFileType = sourcecode.swift; path = URLSessionDataTaskProtocol.swift; sourceTree = "<group>"; };
		8C313CB72A24BC2100A2DAE6 /* SearchDatas.json */ = {isa = PBXFileReference; lastKnownFileType = text.json; path = SearchDatas.json; sourceTree = "<group>"; };
		8C313CBB2A260C1900A2DAE6 /* Observable.swift */ = {isa = PBXFileReference; lastKnownFileType = sourcecode.swift; path = Observable.swift; sourceTree = "<group>"; };
		8C313CC22A2624A800A2DAE6 /* ReviewWriteViewModel.swift */ = {isa = PBXFileReference; lastKnownFileType = sourcecode.swift; path = ReviewWriteViewModel.swift; sourceTree = "<group>"; };
		8C313CC42A29D48000A2DAE6 /* MovieReviewListViewModel.swift */ = {isa = PBXFileReference; lastKnownFileType = sourcecode.swift; path = MovieReviewListViewModel.swift; sourceTree = "<group>"; };
		8C313CC62A2A14F400A2DAE6 /* MovieReviewDetailViewModel.swift */ = {isa = PBXFileReference; lastKnownFileType = sourcecode.swift; path = MovieReviewDetailViewModel.swift; sourceTree = "<group>"; };
		8C313CC82A2B056200A2DAE6 /* SearchPoster.swift */ = {isa = PBXFileReference; lastKnownFileType = sourcecode.swift; path = SearchPoster.swift; sourceTree = "<group>"; };
		8C313CCB2A2B643100A2DAE6 /* ImageCacheManager.swift */ = {isa = PBXFileReference; lastKnownFileType = sourcecode.swift; path = ImageCacheManager.swift; sourceTree = "<group>"; };
		8C313CCD2A2B67E500A2DAE6 /* UIImageView+Extension.swift */ = {isa = PBXFileReference; lastKnownFileType = sourcecode.swift; path = "UIImageView+Extension.swift"; sourceTree = "<group>"; };
		8C313CD22A2C991400A2DAE6 /* movie.json */ = {isa = PBXFileReference; fileEncoding = 4; lastKnownFileType = text.json; path = movie.json; sourceTree = "<group>"; };
		8C71A3EB2A2CB4D70094A74D /* LoadingView.swift */ = {isa = PBXFileReference; lastKnownFileType = sourcecode.swift; path = LoadingView.swift; sourceTree = "<group>"; };
		8C71A3EE2A2DBCC00094A74D /* BoxOfficeViewController.swift */ = {isa = PBXFileReference; lastKnownFileType = sourcecode.swift; path = BoxOfficeViewController.swift; sourceTree = "<group>"; };
		8C71A3F02A2DBD000094A74D /* BoxOfficeCollectionViewCell.swift */ = {isa = PBXFileReference; lastKnownFileType = sourcecode.swift; path = BoxOfficeCollectionViewCell.swift; sourceTree = "<group>"; };
		8C71A3F22A2E06EA0094A74D /* BoxOfficeViewModel.swift */ = {isa = PBXFileReference; lastKnownFileType = sourcecode.swift; path = BoxOfficeViewModel.swift; sourceTree = "<group>"; };
		8C71A3F42A2E077D0094A74D /* BoxOffice.swift */ = {isa = PBXFileReference; lastKnownFileType = sourcecode.swift; path = BoxOffice.swift; sourceTree = "<group>"; };
		8C71A3F62A30585C0094A74D /* APIConfiguration.swift */ = {isa = PBXFileReference; lastKnownFileType = sourcecode.swift; path = APIConfiguration.swift; sourceTree = "<group>"; };
		8C71A4062A333AFD0094A74D /* Date+Extenstion.swift */ = {isa = PBXFileReference; lastKnownFileType = sourcecode.swift; path = "Date+Extenstion.swift"; sourceTree = "<group>"; };
/* End PBXFileReference section */

/* Begin PBXFrameworksBuildPhase section */
		8C14603A2A0E9B0F005FAED3 /* Frameworks */ = {
			isa = PBXFrameworksBuildPhase;
			buildActionMask = 2147483647;
			files = (
				8C313CC12A261D0000A2DAE6 /* RealmSwift in Frameworks */,
				8C313CBF2A261D0000A2DAE6 /* Realm in Frameworks */,
				8C313CD12A2C883300A2DAE6 /* Lottie in Frameworks */,
			);
			runOnlyForDeploymentPostprocessing = 0;
		};
		8C1460A82A1F7B99005FAED3 /* Frameworks */ = {
			isa = PBXFrameworksBuildPhase;
			buildActionMask = 2147483647;
			files = (
				8C71A4002A32F4040094A74D /* RealmSwift in Frameworks */,
			);
			runOnlyForDeploymentPostprocessing = 0;
		};
/* End PBXFrameworksBuildPhase section */

/* Begin PBXGroup section */
		8C1460342A0E9B0E005FAED3 = {
			isa = PBXGroup;
			children = (
				8C14603F2A0E9B0F005FAED3 /* MovieReview */,
				8C1460AC2A1F7B99005FAED3 /* NetworkMockTests */,
				8C14603E2A0E9B0F005FAED3 /* Products */,
				8C71A3FE2A32F4040094A74D /* Frameworks */,
			);
			sourceTree = "<group>";
		};
		8C14603E2A0E9B0F005FAED3 /* Products */ = {
			isa = PBXGroup;
			children = (
				8C14603D2A0E9B0F005FAED3 /* MovieReview.app */,
				8C1460AB2A1F7B99005FAED3 /* NetworkMockTests.xctest */,
			);
			name = Products;
			sourceTree = "<group>";
		};
		8C14603F2A0E9B0F005FAED3 /* MovieReview */ = {
			isa = PBXGroup;
			children = (
				8C1460402A0E9B0F005FAED3 /* AppDelegate.swift */,
				8C1460422A0E9B0F005FAED3 /* SceneDelegate.swift */,
				8C1460852A1DDC46005FAED3 /* Models */,
				8C1460842A1DDC32005FAED3 /* Views */,
				8C14608A2A1E4565005FAED3 /* Network */,
				8C313CB92A260BE900A2DAE6 /* Utility */,
				8C14606D2A1B92F2005FAED3 /* Extensions */,
				8C1460492A0E9B11005FAED3 /* Assets.xcassets */,
				8C14604E2A0E9B11005FAED3 /* Info.plist */,
				8C313CD22A2C991400A2DAE6 /* movie.json */,
			);
			path = MovieReview;
			sourceTree = "<group>";
		};
		8C1460582A19ED55005FAED3 /* MovieReview */ = {
			isa = PBXGroup;
			children = (
				8C1460442A0E9B0F005FAED3 /* MovieReviewListViewController.swift */,
				8C1460562A0E9C86005FAED3 /* MovieReviewCollectionViewCell.swift */,
				8C313CC42A29D48000A2DAE6 /* MovieReviewListViewModel.swift */,
			);
			path = MovieReview;
			sourceTree = "<group>";
		};
		8C1460592A19ED6A005FAED3 /* MovieReviewDetail */ = {
			isa = PBXGroup;
			children = (
				8C14605A2A19EF27005FAED3 /* MovieReviewDetailViewController.swift */,
				8C313CC62A2A14F400A2DAE6 /* MovieReviewDetailViewModel.swift */,
			);
			path = MovieReviewDetail;
			sourceTree = "<group>";
		};
		8C14605C2A1A13A1005FAED3 /* MovieSearch */ = {
			isa = PBXGroup;
			children = (
				8C14605D2A1A13C1005FAED3 /* MovieSearchViewController.swift */,
				8C14605F2A1A4516005FAED3 /* MovieSearchTableViewCell.swift */,
				8C1460912A1F45F3005FAED3 /* MovieSearchViewModel.swift */,
			);
			path = MovieSearch;
			sourceTree = "<group>";
		};
		8C1460612A1B40C6005FAED3 /* ReviewWrite */ = {
			isa = PBXGroup;
			children = (
				8C1460622A1B469F005FAED3 /* ReviewWriteViewController.swift */,
				8C313CC22A2624A800A2DAE6 /* ReviewWriteViewModel.swift */,
				8C1460792A1BAEC1005FAED3 /* LikeHateSelectView.swift */,
				8C1460692A1B8FF1005FAED3 /* GoodPointSelectView.swift */,
				8C14607D2A1CA7D8005FAED3 /* ReviewWritingView.swift */,
			);
			path = ReviewWrite;
			sourceTree = "<group>";
		};
		8C14606D2A1B92F2005FAED3 /* Extensions */ = {
			isa = PBXGroup;
			children = (
				8C14606E2A1B9311005FAED3 /* UIImage+Extension.swift */,
				8C313CCD2A2B67E500A2DAE6 /* UIImageView+Extension.swift */,
				8C71A4062A333AFD0094A74D /* Date+Extenstion.swift */,
			);
			path = Extensions;
			sourceTree = "<group>";
		};
		8C1460842A1DDC32005FAED3 /* Views */ = {
			isa = PBXGroup;
			children = (
				8C71A3EA2A2CB4B70094A74D /* LodingView */,
				8C1460582A19ED55005FAED3 /* MovieReview */,
				8C1460592A19ED6A005FAED3 /* MovieReviewDetail */,
				8C14605C2A1A13A1005FAED3 /* MovieSearch */,
				8C1460612A1B40C6005FAED3 /* ReviewWrite */,
				8C71A3ED2A2DBC790094A74D /* BoxOffice */,
			);
			path = Views;
			sourceTree = "<group>";
		};
		8C1460852A1DDC46005FAED3 /* Models */ = {
			isa = PBXGroup;
			children = (
				8C1460862A1DDC5F005FAED3 /* Review.swift */,
				8C1460882A1E2D61005FAED3 /* SearchData.swift */,
				8C71A3F42A2E077D0094A74D /* BoxOffice.swift */,
				8C313CC82A2B056200A2DAE6 /* SearchPoster.swift */,
			);
			path = Models;
			sourceTree = "<group>";
		};
		8C14608A2A1E4565005FAED3 /* Network */ = {
			isa = PBXGroup;
			children = (
				8C14608B2A1E4591005FAED3 /* URLSessionProtocol.swift */,
				8C1460BE2A246414005FAED3 /* URLSessionDataTaskProtocol.swift */,
				8C14608F2A1E47B3005FAED3 /* NetworkManager.swift */,
				8C71A3F62A30585C0094A74D /* APIConfiguration.swift */,
			);
			path = Network;
			sourceTree = "<group>";
		};
		8C1460962A1F74CC005FAED3 /* JSON */ = {
			isa = PBXGroup;
			children = (
				8C313CB72A24BC2100A2DAE6 /* SearchDatas.json */,
			);
			path = JSON;
			sourceTree = "<group>";
		};
		8C1460AC2A1F7B99005FAED3 /* NetworkMockTests */ = {
			isa = PBXGroup;
			children = (
				8C1460962A1F74CC005FAED3 /* JSON */,
				8C1460A12A1F7773005FAED3 /* JsonLoader.swift */,
				8C1460A32A1F77A8005FAED3 /* MockURLSession.swift */,
				8C1460A52A1F789A005FAED3 /* MockURLSessionDataTask.swift */,
				8C1460AD2A1F7B99005FAED3 /* NetworkMockTests.swift */,
				8C1460B92A2245E0005FAED3 /* SearchViewModelTests.swift */,
			);
			path = NetworkMockTests;
			sourceTree = "<group>";
		};
		8C313CB92A260BE900A2DAE6 /* Utility */ = {
			isa = PBXGroup;
			children = (
				8C313CCA2A2B641300A2DAE6 /* ImageCache */,
				8C313CBA2A260C0800A2DAE6 /* Observable */,
			);
			path = Utility;
			sourceTree = "<group>";
		};
		8C313CBA2A260C0800A2DAE6 /* Observable */ = {
			isa = PBXGroup;
			children = (
				8C313CBB2A260C1900A2DAE6 /* Observable.swift */,
			);
			path = Observable;
			sourceTree = "<group>";
		};
		8C313CCA2A2B641300A2DAE6 /* ImageCache */ = {
			isa = PBXGroup;
			children = (
				8C313CCB2A2B643100A2DAE6 /* ImageCacheManager.swift */,
			);
			path = ImageCache;
			sourceTree = "<group>";
		};
		8C71A3EA2A2CB4B70094A74D /* LodingView */ = {
			isa = PBXGroup;
			children = (
				8C71A3EB2A2CB4D70094A74D /* LoadingView.swift */,
			);
			path = LodingView;
			sourceTree = "<group>";
		};
		8C71A3ED2A2DBC790094A74D /* BoxOffice */ = {
			isa = PBXGroup;
			children = (
				8C71A3EE2A2DBCC00094A74D /* BoxOfficeViewController.swift */,
				8C71A3F02A2DBD000094A74D /* BoxOfficeCollectionViewCell.swift */,
				8C71A3F22A2E06EA0094A74D /* BoxOfficeViewModel.swift */,
			);
			path = BoxOffice;
			sourceTree = "<group>";
		};
		8C71A3FE2A32F4040094A74D /* Frameworks */ = {
			isa = PBXGroup;
			children = (
			);
			name = Frameworks;
			sourceTree = "<group>";
		};
/* End PBXGroup section */

/* Begin PBXNativeTarget section */
		8C14603C2A0E9B0F005FAED3 /* MovieReview */ = {
			isa = PBXNativeTarget;
			buildConfigurationList = 8C1460512A0E9B11005FAED3 /* Build configuration list for PBXNativeTarget "MovieReview" */;
			buildPhases = (
				8C1460392A0E9B0F005FAED3 /* Sources */,
				8C14603A2A0E9B0F005FAED3 /* Frameworks */,
				8C14603B2A0E9B0F005FAED3 /* Resources */,
			);
			buildRules = (
			);
			dependencies = (
			);
			name = MovieReview;
			packageProductDependencies = (
				8C313CBE2A261D0000A2DAE6 /* Realm */,
				8C313CC02A261D0000A2DAE6 /* RealmSwift */,
				8C313CD02A2C883300A2DAE6 /* Lottie */,
			);
			productName = MovieReview;
			productReference = 8C14603D2A0E9B0F005FAED3 /* MovieReview.app */;
			productType = "com.apple.product-type.application";
		};
		8C1460AA2A1F7B99005FAED3 /* NetworkMockTests */ = {
			isa = PBXNativeTarget;
			buildConfigurationList = 8C1460B12A1F7B9A005FAED3 /* Build configuration list for PBXNativeTarget "NetworkMockTests" */;
			buildPhases = (
				8C1460A72A1F7B99005FAED3 /* Sources */,
				8C1460A82A1F7B99005FAED3 /* Frameworks */,
				8C1460A92A1F7B99005FAED3 /* Resources */,
			);
			buildRules = (
			);
			dependencies = (
				8C1460B02A1F7B9A005FAED3 /* PBXTargetDependency */,
			);
			name = NetworkMockTests;
			packageProductDependencies = (
				8C71A3FF2A32F4040094A74D /* RealmSwift */,
			);
			productName = NetworkMockTests;
			productReference = 8C1460AB2A1F7B99005FAED3 /* NetworkMockTests.xctest */;
			productType = "com.apple.product-type.bundle.unit-test";
		};
/* End PBXNativeTarget section */

/* Begin PBXProject section */
		8C1460352A0E9B0E005FAED3 /* Project object */ = {
			isa = PBXProject;
			attributes = {
				BuildIndependentTargetsInParallel = 1;
				LastSwiftUpdateCheck = 1430;
				LastUpgradeCheck = 1430;
				TargetAttributes = {
					8C14603C2A0E9B0F005FAED3 = {
						CreatedOnToolsVersion = 14.3;
					};
					8C1460AA2A1F7B99005FAED3 = {
						CreatedOnToolsVersion = 14.3;
						TestTargetID = 8C14603C2A0E9B0F005FAED3;
					};
				};
			};
			buildConfigurationList = 8C1460382A0E9B0E005FAED3 /* Build configuration list for PBXProject "MovieReview" */;
			compatibilityVersion = "Xcode 14.0";
			developmentRegion = en;
			hasScannedForEncodings = 0;
			knownRegions = (
				en,
				Base,
			);
			mainGroup = 8C1460342A0E9B0E005FAED3;
			packageReferences = (
				8C313CBD2A261D0000A2DAE6 /* XCRemoteSwiftPackageReference "realm-swift" */,
				8C313CCF2A2C883300A2DAE6 /* XCRemoteSwiftPackageReference "lottie-ios" */,
			);
			productRefGroup = 8C14603E2A0E9B0F005FAED3 /* Products */;
			projectDirPath = "";
			projectRoot = "";
			targets = (
				8C14603C2A0E9B0F005FAED3 /* MovieReview */,
				8C1460AA2A1F7B99005FAED3 /* NetworkMockTests */,
			);
		};
/* End PBXProject section */

/* Begin PBXResourcesBuildPhase section */
		8C14603B2A0E9B0F005FAED3 /* Resources */ = {
			isa = PBXResourcesBuildPhase;
			buildActionMask = 2147483647;
			files = (
				8C313CD32A2C991400A2DAE6 /* movie.json in Resources */,
				8C14604A2A0E9B11005FAED3 /* Assets.xcassets in Resources */,
			);
			runOnlyForDeploymentPostprocessing = 0;
		};
		8C1460A92A1F7B99005FAED3 /* Resources */ = {
			isa = PBXResourcesBuildPhase;
			buildActionMask = 2147483647;
			files = (
				8C313CB82A24BC2100A2DAE6 /* SearchDatas.json in Resources */,
			);
			runOnlyForDeploymentPostprocessing = 0;
		};
/* End PBXResourcesBuildPhase section */

/* Begin PBXSourcesBuildPhase section */
		8C1460392A0E9B0F005FAED3 /* Sources */ = {
			isa = PBXSourcesBuildPhase;
			buildActionMask = 2147483647;
			files = (
				8C14608C2A1E4591005FAED3 /* URLSessionProtocol.swift in Sources */,
				8C1460BF2A246414005FAED3 /* URLSessionDataTaskProtocol.swift in Sources */,
				8C1460632A1B469F005FAED3 /* ReviewWriteViewController.swift in Sources */,
				8C1460902A1E47B3005FAED3 /* NetworkManager.swift in Sources */,
				8C313CC52A29D48000A2DAE6 /* MovieReviewListViewModel.swift in Sources */,
				8C1460452A0E9B0F005FAED3 /* MovieReviewListViewController.swift in Sources */,
				8C14607A2A1BAEC1005FAED3 /* LikeHateSelectView.swift in Sources */,
				8C1460412A0E9B0F005FAED3 /* AppDelegate.swift in Sources */,
				8C71A3F72A30585C0094A74D /* APIConfiguration.swift in Sources */,
				8C71A3F12A2DBD000094A74D /* BoxOfficeCollectionViewCell.swift in Sources */,
				8C71A4072A333AFD0094A74D /* Date+Extenstion.swift in Sources */,
				8C14605B2A19EF27005FAED3 /* MovieReviewDetailViewController.swift in Sources */,
				8C71A3F32A2E06EA0094A74D /* BoxOfficeViewModel.swift in Sources */,
				8C313CC32A2624A800A2DAE6 /* ReviewWriteViewModel.swift in Sources */,
				8C313CCE2A2B67E500A2DAE6 /* UIImageView+Extension.swift in Sources */,
				8C1460602A1A4516005FAED3 /* MovieSearchTableViewCell.swift in Sources */,
				8C14605E2A1A13C1005FAED3 /* MovieSearchViewController.swift in Sources */,
				8C1460872A1DDC5F005FAED3 /* Review.swift in Sources */,
				8C14607E2A1CA7D8005FAED3 /* ReviewWritingView.swift in Sources */,
				8C71A3F52A2E077D0094A74D /* BoxOffice.swift in Sources */,
				8C71A3EC2A2CB4D70094A74D /* LoadingView.swift in Sources */,
				8C313CBC2A260C1900A2DAE6 /* Observable.swift in Sources */,
				8C1460892A1E2D61005FAED3 /* SearchData.swift in Sources */,
				8C14606A2A1B8FF1005FAED3 /* GoodPointSelectView.swift in Sources */,
				8C1460432A0E9B0F005FAED3 /* SceneDelegate.swift in Sources */,
				8C313CC72A2A14F400A2DAE6 /* MovieReviewDetailViewModel.swift in Sources */,
				8C14606F2A1B9311005FAED3 /* UIImage+Extension.swift in Sources */,
				8C313CCC2A2B643100A2DAE6 /* ImageCacheManager.swift in Sources */,
				8C1460572A0E9C87005FAED3 /* MovieReviewCollectionViewCell.swift in Sources */,
				8C313CC92A2B056200A2DAE6 /* SearchPoster.swift in Sources */,
				8C1460922A1F45F3005FAED3 /* MovieSearchViewModel.swift in Sources */,
				8C71A3EF2A2DBCC00094A74D /* BoxOfficeViewController.swift in Sources */,
			);
			runOnlyForDeploymentPostprocessing = 0;
		};
		8C1460A72A1F7B99005FAED3 /* Sources */ = {
			isa = PBXSourcesBuildPhase;
			buildActionMask = 2147483647;
			files = (
				8C1460B42A1F7BC0005FAED3 /* MockURLSession.swift in Sources */,
				8C1460B62A1F7BC0005FAED3 /* MockURLSessionDataTask.swift in Sources */,
				8C1460B52A1F7BC0005FAED3 /* JsonLoader.swift in Sources */,
				8C1460AE2A1F7B99005FAED3 /* NetworkMockTests.swift in Sources */,
				8C1460BA2A2245E0005FAED3 /* SearchViewModelTests.swift in Sources */,
			);
			runOnlyForDeploymentPostprocessing = 0;
		};
/* End PBXSourcesBuildPhase section */

/* Begin PBXTargetDependency section */
		8C1460B02A1F7B9A005FAED3 /* PBXTargetDependency */ = {
			isa = PBXTargetDependency;
			target = 8C14603C2A0E9B0F005FAED3 /* MovieReview */;
			targetProxy = 8C1460AF2A1F7B9A005FAED3 /* PBXContainerItemProxy */;
		};
/* End PBXTargetDependency section */

/* Begin XCBuildConfiguration section */
		8C14604F2A0E9B11005FAED3 /* Debug */ = {
			isa = XCBuildConfiguration;
			buildSettings = {
				ALWAYS_SEARCH_USER_PATHS = NO;
				CLANG_ANALYZER_NONNULL = YES;
				CLANG_ANALYZER_NUMBER_OBJECT_CONVERSION = YES_AGGRESSIVE;
				CLANG_CXX_LANGUAGE_STANDARD = "gnu++20";
				CLANG_ENABLE_MODULES = YES;
				CLANG_ENABLE_OBJC_ARC = YES;
				CLANG_ENABLE_OBJC_WEAK = YES;
				CLANG_WARN_BLOCK_CAPTURE_AUTORELEASING = YES;
				CLANG_WARN_BOOL_CONVERSION = YES;
				CLANG_WARN_COMMA = YES;
				CLANG_WARN_CONSTANT_CONVERSION = YES;
				CLANG_WARN_DEPRECATED_OBJC_IMPLEMENTATIONS = YES;
				CLANG_WARN_DIRECT_OBJC_ISA_USAGE = YES_ERROR;
				CLANG_WARN_DOCUMENTATION_COMMENTS = YES;
				CLANG_WARN_EMPTY_BODY = YES;
				CLANG_WARN_ENUM_CONVERSION = YES;
				CLANG_WARN_INFINITE_RECURSION = YES;
				CLANG_WARN_INT_CONVERSION = YES;
				CLANG_WARN_NON_LITERAL_NULL_CONVERSION = YES;
				CLANG_WARN_OBJC_IMPLICIT_RETAIN_SELF = YES;
				CLANG_WARN_OBJC_LITERAL_CONVERSION = YES;
				CLANG_WARN_OBJC_ROOT_CLASS = YES_ERROR;
				CLANG_WARN_QUOTED_INCLUDE_IN_FRAMEWORK_HEADER = YES;
				CLANG_WARN_RANGE_LOOP_ANALYSIS = YES;
				CLANG_WARN_STRICT_PROTOTYPES = YES;
				CLANG_WARN_SUSPICIOUS_MOVE = YES;
				CLANG_WARN_UNGUARDED_AVAILABILITY = YES_AGGRESSIVE;
				CLANG_WARN_UNREACHABLE_CODE = YES;
				CLANG_WARN__DUPLICATE_METHOD_MATCH = YES;
				COPY_PHASE_STRIP = NO;
				DEBUG_INFORMATION_FORMAT = dwarf;
				ENABLE_STRICT_OBJC_MSGSEND = YES;
				ENABLE_TESTABILITY = YES;
				GCC_C_LANGUAGE_STANDARD = gnu11;
				GCC_DYNAMIC_NO_PIC = NO;
				GCC_NO_COMMON_BLOCKS = YES;
				GCC_OPTIMIZATION_LEVEL = 0;
				GCC_PREPROCESSOR_DEFINITIONS = (
					"DEBUG=1",
					"$(inherited)",
				);
				GCC_WARN_64_TO_32_BIT_CONVERSION = YES;
				GCC_WARN_ABOUT_RETURN_TYPE = YES_ERROR;
				GCC_WARN_UNDECLARED_SELECTOR = YES;
				GCC_WARN_UNINITIALIZED_AUTOS = YES_AGGRESSIVE;
				GCC_WARN_UNUSED_FUNCTION = YES;
				GCC_WARN_UNUSED_VARIABLE = YES;
				IPHONEOS_DEPLOYMENT_TARGET = 15.0;
				MTL_ENABLE_DEBUG_INFO = INCLUDE_SOURCE;
				MTL_FAST_MATH = YES;
				ONLY_ACTIVE_ARCH = YES;
				SDKROOT = iphoneos;
				SWIFT_ACTIVE_COMPILATION_CONDITIONS = DEBUG;
				SWIFT_OPTIMIZATION_LEVEL = "-Onone";
			};
			name = Debug;
		};
		8C1460502A0E9B11005FAED3 /* Release */ = {
			isa = XCBuildConfiguration;
			buildSettings = {
				ALWAYS_SEARCH_USER_PATHS = NO;
				CLANG_ANALYZER_NONNULL = YES;
				CLANG_ANALYZER_NUMBER_OBJECT_CONVERSION = YES_AGGRESSIVE;
				CLANG_CXX_LANGUAGE_STANDARD = "gnu++20";
				CLANG_ENABLE_MODULES = YES;
				CLANG_ENABLE_OBJC_ARC = YES;
				CLANG_ENABLE_OBJC_WEAK = YES;
				CLANG_WARN_BLOCK_CAPTURE_AUTORELEASING = YES;
				CLANG_WARN_BOOL_CONVERSION = YES;
				CLANG_WARN_COMMA = YES;
				CLANG_WARN_CONSTANT_CONVERSION = YES;
				CLANG_WARN_DEPRECATED_OBJC_IMPLEMENTATIONS = YES;
				CLANG_WARN_DIRECT_OBJC_ISA_USAGE = YES_ERROR;
				CLANG_WARN_DOCUMENTATION_COMMENTS = YES;
				CLANG_WARN_EMPTY_BODY = YES;
				CLANG_WARN_ENUM_CONVERSION = YES;
				CLANG_WARN_INFINITE_RECURSION = YES;
				CLANG_WARN_INT_CONVERSION = YES;
				CLANG_WARN_NON_LITERAL_NULL_CONVERSION = YES;
				CLANG_WARN_OBJC_IMPLICIT_RETAIN_SELF = YES;
				CLANG_WARN_OBJC_LITERAL_CONVERSION = YES;
				CLANG_WARN_OBJC_ROOT_CLASS = YES_ERROR;
				CLANG_WARN_QUOTED_INCLUDE_IN_FRAMEWORK_HEADER = YES;
				CLANG_WARN_RANGE_LOOP_ANALYSIS = YES;
				CLANG_WARN_STRICT_PROTOTYPES = YES;
				CLANG_WARN_SUSPICIOUS_MOVE = YES;
				CLANG_WARN_UNGUARDED_AVAILABILITY = YES_AGGRESSIVE;
				CLANG_WARN_UNREACHABLE_CODE = YES;
				CLANG_WARN__DUPLICATE_METHOD_MATCH = YES;
				COPY_PHASE_STRIP = NO;
				DEBUG_INFORMATION_FORMAT = "dwarf-with-dsym";
				ENABLE_NS_ASSERTIONS = NO;
				ENABLE_STRICT_OBJC_MSGSEND = YES;
				GCC_C_LANGUAGE_STANDARD = gnu11;
				GCC_NO_COMMON_BLOCKS = YES;
				GCC_WARN_64_TO_32_BIT_CONVERSION = YES;
				GCC_WARN_ABOUT_RETURN_TYPE = YES_ERROR;
				GCC_WARN_UNDECLARED_SELECTOR = YES;
				GCC_WARN_UNINITIALIZED_AUTOS = YES_AGGRESSIVE;
				GCC_WARN_UNUSED_FUNCTION = YES;
				GCC_WARN_UNUSED_VARIABLE = YES;
				IPHONEOS_DEPLOYMENT_TARGET = 15.0;
				MTL_ENABLE_DEBUG_INFO = NO;
				MTL_FAST_MATH = YES;
				SDKROOT = iphoneos;
				SWIFT_COMPILATION_MODE = wholemodule;
				SWIFT_OPTIMIZATION_LEVEL = "-O";
				VALIDATE_PRODUCT = YES;
			};
			name = Release;
		};
		8C1460522A0E9B11005FAED3 /* Debug */ = {
			isa = XCBuildConfiguration;
			buildSettings = {
				ASSETCATALOG_COMPILER_APPICON_NAME = AppIcon;
				ASSETCATALOG_COMPILER_GLOBAL_ACCENT_COLOR_NAME = AccentColor;
				CODE_SIGN_STYLE = Automatic;
				CURRENT_PROJECT_VERSION = 1;
				DEVELOPMENT_TEAM = AH24YSXN5M;
				GENERATE_INFOPLIST_FILE = YES;
				INFOPLIST_FILE = MovieReview/Info.plist;
				INFOPLIST_KEY_UIApplicationSupportsIndirectInputEvents = YES;
				INFOPLIST_KEY_UILaunchStoryboardName = LaunchScreen;
				INFOPLIST_KEY_UISupportedInterfaceOrientations_iPad = "UIInterfaceOrientationPortrait UIInterfaceOrientationPortraitUpsideDown UIInterfaceOrientationLandscapeLeft UIInterfaceOrientationLandscapeRight";
				INFOPLIST_KEY_UISupportedInterfaceOrientations_iPhone = "UIInterfaceOrientationPortrait UIInterfaceOrientationLandscapeLeft UIInterfaceOrientationLandscapeRight";
				LD_RUNPATH_SEARCH_PATHS = (
					"$(inherited)",
					"@executable_path/Frameworks",
				);
				MARKETING_VERSION = 1.0;
				PRODUCT_BUNDLE_IDENTIFIER = com.kang.MovieReview;
				PRODUCT_NAME = "$(TARGET_NAME)";
				SWIFT_EMIT_LOC_STRINGS = YES;
				SWIFT_VERSION = 5.0;
				TARGETED_DEVICE_FAMILY = "1,2";
			};
			name = Debug;
		};
		8C1460532A0E9B11005FAED3 /* Release */ = {
			isa = XCBuildConfiguration;
			buildSettings = {
				ASSETCATALOG_COMPILER_APPICON_NAME = AppIcon;
				ASSETCATALOG_COMPILER_GLOBAL_ACCENT_COLOR_NAME = AccentColor;
				CODE_SIGN_STYLE = Automatic;
				CURRENT_PROJECT_VERSION = 1;
				DEVELOPMENT_TEAM = AH24YSXN5M;
				GENERATE_INFOPLIST_FILE = YES;
				INFOPLIST_FILE = MovieReview/Info.plist;
				INFOPLIST_KEY_UIApplicationSupportsIndirectInputEvents = YES;
				INFOPLIST_KEY_UILaunchStoryboardName = LaunchScreen;
				INFOPLIST_KEY_UISupportedInterfaceOrientations_iPad = "UIInterfaceOrientationPortrait UIInterfaceOrientationPortraitUpsideDown UIInterfaceOrientationLandscapeLeft UIInterfaceOrientationLandscapeRight";
				INFOPLIST_KEY_UISupportedInterfaceOrientations_iPhone = "UIInterfaceOrientationPortrait UIInterfaceOrientationLandscapeLeft UIInterfaceOrientationLandscapeRight";
				LD_RUNPATH_SEARCH_PATHS = (
					"$(inherited)",
					"@executable_path/Frameworks",
				);
				MARKETING_VERSION = 1.0;
				PRODUCT_BUNDLE_IDENTIFIER = com.kang.MovieReview;
				PRODUCT_NAME = "$(TARGET_NAME)";
				SWIFT_EMIT_LOC_STRINGS = YES;
				SWIFT_VERSION = 5.0;
				TARGETED_DEVICE_FAMILY = "1,2";
			};
			name = Release;
		};
		8C1460B22A1F7B9A005FAED3 /* Debug */ = {
			isa = XCBuildConfiguration;
			buildSettings = {
				BUNDLE_LOADER = "$(TEST_HOST)";
				CODE_SIGN_STYLE = Automatic;
				CURRENT_PROJECT_VERSION = 1;
				DEVELOPMENT_TEAM = AH24YSXN5M;
				GENERATE_INFOPLIST_FILE = YES;
				IPHONEOS_DEPLOYMENT_TARGET = 16.4;
				MACOSX_DEPLOYMENT_TARGET = 13.3;
				MARKETING_VERSION = 1.0;
				PRODUCT_BUNDLE_IDENTIFIER = com.kang.NetworkMockTests;
				PRODUCT_NAME = "$(TARGET_NAME)";
				SDKROOT = auto;
				SUPPORTED_PLATFORMS = "iphoneos iphonesimulator macosx";
				SWIFT_EMIT_LOC_STRINGS = NO;
				SWIFT_VERSION = 5.0;
				TARGETED_DEVICE_FAMILY = "1,2";
				TEST_HOST = "$(BUILT_PRODUCTS_DIR)/MovieReview.app/$(BUNDLE_EXECUTABLE_FOLDER_PATH)/MovieReview";
			};
			name = Debug;
		};
		8C1460B32A1F7B9A005FAED3 /* Release */ = {
			isa = XCBuildConfiguration;
			buildSettings = {
				BUNDLE_LOADER = "$(TEST_HOST)";
				CODE_SIGN_STYLE = Automatic;
				CURRENT_PROJECT_VERSION = 1;
				DEVELOPMENT_TEAM = AH24YSXN5M;
				GENERATE_INFOPLIST_FILE = YES;
				IPHONEOS_DEPLOYMENT_TARGET = 16.4;
				MACOSX_DEPLOYMENT_TARGET = 13.3;
				MARKETING_VERSION = 1.0;
				PRODUCT_BUNDLE_IDENTIFIER = com.kang.NetworkMockTests;
				PRODUCT_NAME = "$(TARGET_NAME)";
				SDKROOT = auto;
				SUPPORTED_PLATFORMS = "iphoneos iphonesimulator macosx";
				SWIFT_EMIT_LOC_STRINGS = NO;
				SWIFT_VERSION = 5.0;
				TARGETED_DEVICE_FAMILY = "1,2";
				TEST_HOST = "$(BUILT_PRODUCTS_DIR)/MovieReview.app/$(BUNDLE_EXECUTABLE_FOLDER_PATH)/MovieReview";
			};
			name = Release;
		};
/* End XCBuildConfiguration section */

/* Begin XCConfigurationList section */
		8C1460382A0E9B0E005FAED3 /* Build configuration list for PBXProject "MovieReview" */ = {
			isa = XCConfigurationList;
			buildConfigurations = (
				8C14604F2A0E9B11005FAED3 /* Debug */,
				8C1460502A0E9B11005FAED3 /* Release */,
			);
			defaultConfigurationIsVisible = 0;
			defaultConfigurationName = Release;
		};
		8C1460512A0E9B11005FAED3 /* Build configuration list for PBXNativeTarget "MovieReview" */ = {
			isa = XCConfigurationList;
			buildConfigurations = (
				8C1460522A0E9B11005FAED3 /* Debug */,
				8C1460532A0E9B11005FAED3 /* Release */,
			);
			defaultConfigurationIsVisible = 0;
			defaultConfigurationName = Release;
		};
		8C1460B12A1F7B9A005FAED3 /* Build configuration list for PBXNativeTarget "NetworkMockTests" */ = {
			isa = XCConfigurationList;
			buildConfigurations = (
				8C1460B22A1F7B9A005FAED3 /* Debug */,
				8C1460B32A1F7B9A005FAED3 /* Release */,
			);
			defaultConfigurationIsVisible = 0;
			defaultConfigurationName = Release;
		};
/* End XCConfigurationList section */

/* Begin XCRemoteSwiftPackageReference section */
		8C313CBD2A261D0000A2DAE6 /* XCRemoteSwiftPackageReference "realm-swift" */ = {
			isa = XCRemoteSwiftPackageReference;
			repositoryURL = "https://github.com/realm/realm-swift.git";
			requirement = {
				branch = master;
				kind = branch;
			};
		};
		8C313CCF2A2C883300A2DAE6 /* XCRemoteSwiftPackageReference "lottie-ios" */ = {
			isa = XCRemoteSwiftPackageReference;
			repositoryURL = "https://github.com/airbnb/lottie-ios";
			requirement = {
				kind = upToNextMajorVersion;
				minimumVersion = 4.0.0;
			};
		};
/* End XCRemoteSwiftPackageReference section */

/* Begin XCSwiftPackageProductDependency section */
		8C313CBE2A261D0000A2DAE6 /* Realm */ = {
			isa = XCSwiftPackageProductDependency;
			package = 8C313CBD2A261D0000A2DAE6 /* XCRemoteSwiftPackageReference "realm-swift" */;
			productName = Realm;
		};
		8C313CC02A261D0000A2DAE6 /* RealmSwift */ = {
			isa = XCSwiftPackageProductDependency;
			package = 8C313CBD2A261D0000A2DAE6 /* XCRemoteSwiftPackageReference "realm-swift" */;
			productName = RealmSwift;
		};
		8C313CD02A2C883300A2DAE6 /* Lottie */ = {
			isa = XCSwiftPackageProductDependency;
			package = 8C313CCF2A2C883300A2DAE6 /* XCRemoteSwiftPackageReference "lottie-ios" */;
			productName = Lottie;
		};
		8C71A3FF2A32F4040094A74D /* RealmSwift */ = {
			isa = XCSwiftPackageProductDependency;
			package = 8C313CBD2A261D0000A2DAE6 /* XCRemoteSwiftPackageReference "realm-swift" */;
			productName = RealmSwift;
		};
/* End XCSwiftPackageProductDependency section */
	};
	rootObject = 8C1460352A0E9B0E005FAED3 /* Project object */;
}
